
Microsoft Visual Studio Solution File, Format Version 12.00
# Visual Studio Version 16
VisualStudioVersion = 16.0.30413.136
MinimumVisualStudioVersion = 10.0.40219.1
Project("{FAE04EC0-301F-11D3-BF4B-00C04F79EFBC}") = "headsOrTails", "headsOrTails.csproj", "{48CD30EA-9E68-478E-9E85-6C82F1248EDB}"
EndProject
Global
	GlobalSection(SolutionConfigurationPlatforms) = preSolution
		Debug|Any CPU = Debug|Any CPU
		Release|Any CPU = Release|Any CPU
	EndGlobalSection
	GlobalSection(ProjectConfigurationPlatforms) = postSolution
		{48CD30EA-9E68-478E-9E85-6C82F1248EDB}.Debug|Any CPU.ActiveCfg = Debug|Any CPU
		{48CD30EA-9E68-478E-9E85-6C82F1248EDB}.Debug|Any CPU.Build.0 = Debug|Any CPU
		{48CD30EA-9E68-478E-9E85-6C82F1248EDB}.Release|Any CPU.ActiveCfg = Release|Any CPU
		{48CD30EA-9E68-478E-9E85-6C82F1248EDB}.Release|Any CPU.Build.0 = Release|Any CPU
	EndGlobalSection
	GlobalSection(SolutionProperties) = preSolution
		HideSolutionNode = FALSE
	EndGlobalSection
	GlobalSection(ExtensibilityGlobals) = postSolution
		SolutionGuid = {A663A275-66E2-4E79-B65B-021F064BF406}
	EndGlobalSection
EndGlobal
